{
  "name": "ngx-visual-drag",
  "version": "0.0.1",
  "lockfileVersion": 1,
  "requires": true,
  "dependencies": {
    "@angular/cdk": {
      "version": "11.0.4",
      "resolved": "https://registry.npmjs.org/@angular/cdk/-/cdk-11.0.4.tgz",
      "integrity": "sha512-suhAhsZEv+lLwm8dc524cMvO7gHPi+z2+4tueNS+zDiIObdZc4fs+KoOlnRMdYwba++X/V8mHXuDEQetl3GFcw==",
      "requires": {
        "parse5": "^5.0.0",
        "tslib": "^2.0.0"
      },
      "dependencies": {
        "tslib": {
          "version": "2.1.0",
          "resolved": "https://registry.npmjs.org/tslib/-/tslib-2.1.0.tgz",
          "integrity": "sha512-hcVC3wYEziELGGmEEXue7D75zbwIIVUMWAVbHItGPx0ziyXxrOMQx4rQEVEV45Ut/1IotuEvwqPopzIOkDMf0A=="
        }
      }
    },
    "@ant-design/colors": {
      "version": "5.0.1",
      "resolved": "https://registry.npmjs.org/@ant-design/colors/-/colors-5.0.1.tgz",
      "integrity": "sha512-x1TUaRILaqy3zgFNo+kIqOa3eTYPt81H1/3E4dCjDP4Qvk/xaPEizLDFdRUcIx0cWwyu2LklwfyLHWpbYK8v6A==",
      "requires": {
        "@ctrl/tinycolor": "^3.3.1"
      }
    },
    "@ant-design/icons-angular": {
      "version": "11.0.1",
      "resolved": "https://registry.npmjs.org/@ant-design/icons-angular/-/icons-angular-11.0.1.tgz",
      "integrity": "sha512-WwxVx/aToxTjWmB5+O+3rOjSYdF8FC/Yd/8jF1ZGQMtLWAzP8/foQmKvPAktTUsh0/Ijhtur7LrHN2VuUedMcA==",
      "requires": {
        "@ant-design/colors": "^5.0.0",
        "tslib": "^2.0.0"
      },
      "dependencies": {
        "tslib": {
          "version": "2.1.0",
          "resolved": "https://registry.npmjs.org/tslib/-/tslib-2.1.0.tgz",
          "integrity": "sha512-hcVC3wYEziELGGmEEXue7D75zbwIIVUMWAVbHItGPx0ziyXxrOMQx4rQEVEV45Ut/1IotuEvwqPopzIOkDMf0A=="
        }
      }
    },
    "@ctrl/tinycolor": {
      "version": "3.3.2",
      "resolved": "https://registry.npmjs.org/@ctrl/tinycolor/-/tinycolor-3.3.2.tgz",
      "integrity": "sha512-28A2j9DISNtHRcfc+FSCkxIAMnQoORQYz+UQLjc0+KlsGl80MqfbG3EzqXxzVmCMatlgmHfcX7/DBoMg+ik/Fg=="
    },
    "date-fns": {
      "version": "2.16.1",
      "resolved": "https://registry.npmjs.org/date-fns/-/date-fns-2.16.1.tgz",
      "integrity": "sha512-sAJVKx/FqrLYHAQeN7VpJrPhagZc9R4ImZIWYRFZaaohR3KzmuK88touwsSwSVT8Qcbd4zoDsnGfX4GFB4imyQ=="
    },
    "ng-zorro-antd": {
      "version": "11.0.2",
      "resolved": "https://registry.npmjs.org/ng-zorro-antd/-/ng-zorro-antd-11.0.2.tgz",
      "integrity": "sha512-fKc1e2dpJTgD9PPsDKw+KD1Pw3UvqL4pBjkyXuneZWKKOnHk2twAR6+ARzK++uuvfp0Yetj6CuJCBdfy0qKwCw==",
      "requires": {
        "@angular/cdk": "^11.0.2",
        "@ant-design/icons-angular": "^11.0.1",
        "date-fns": "^2.10.0",
        "resize-observer-polyfill": "^1.5.1",
        "tslib": "^2.0.0"
      },
      "dependencies": {
        "tslib": {
          "version": "2.1.0",
          "resolved": "https://registry.npmjs.org/tslib/-/tslib-2.1.0.tgz",
          "integrity": "sha512-hcVC3wYEziELGGmEEXue7D75zbwIIVUMWAVbHItGPx0ziyXxrOMQx4rQEVEV45Ut/1IotuEvwqPopzIOkDMf0A=="
        }
      }
    },
    "parse5": {
      "version": "5.1.1",
      "resolved": "https://registry.npmjs.org/parse5/-/parse5-5.1.1.tgz",
      "integrity": "sha512-ugq4DFI0Ptb+WWjAdOK16+u/nHfiIrcE+sh8kZMaM0WllQKLI9rOUq6c2b7cwPkXdzfQESqvoqK6ug7U/Yyzug==",
      "optional": true
    },
    "resize-observer-polyfill": {
      "version": "1.5.1",
      "resolved": "https://registry.npmjs.org/resize-observer-polyfill/-/resize-observer-polyfill-1.5.1.tgz",
      "integrity": "sha512-LwZrotdHOo12nQuZlHEmtuXdqGoOD0OhaxopaNFxWzInpEgaLWoVuAMbTzixuosCx2nEG58ngzW3vxdWoxIgdg=="
    }
  }
}
